
Microsoft Visual Studio Solution File, Format Version 12.00
# Visual Studio Version 16
VisualStudioVersion = 16.0.29728.190
MinimumVisualStudioVersion = 10.0.40219.1
Project("{FAE04EC0-301F-11D3-BF4B-00C04F79EFBC}") = "projetChemins", "projetChemins\projetChemins.csproj", "{6590B081-3B53-494C-89E1-B790D1FE4A34}"
EndProject
Global
	GlobalSection(SolutionConfigurationPlatforms) = preSolution
		Debug|Any CPU = Debug|Any CPU
		Release|Any CPU = Release|Any CPU
	EndGlobalSection
	GlobalSection(ProjectConfigurationPlatforms) = postSolution
		{6590B081-3B53-494C-89E1-B790D1FE4A34}.Debug|Any CPU.ActiveCfg = Debug|Any CPU
		{6590B081-3B53-494C-89E1-B790D1FE4A34}.Debug|Any CPU.Build.0 = Debug|Any CPU
		{6590B081-3B53-494C-89E1-B790D1FE4A34}.Release|Any CPU.ActiveCfg = Release|Any CPU
		{6590B081-3B53-494C-89E1-B790D1FE4A34}.Release|Any CPU.Build.0 = Release|Any CPU
	EndGlobalSection
	GlobalSection(SolutionProperties) = preSolution
		HideSolutionNode = FALSE
	EndGlobalSection
	GlobalSection(ExtensibilityGlobals) = postSolution
		SolutionGuid = {E77F78EF-A789-4219-B1CA-C68EA939E6F8}
	EndGlobalSection
EndGlobal
